
Microsoft Visual Studio Solution File, Format Version 12.00
# Visual Studio Version 16
VisualStudioVersion = 16.0.29911.84
MinimumVisualStudioVersion = 10.0.40219.1
Project("{FAE04EC0-301F-11D3-BF4B-00C04F79EFBC}") = "PathTracer", "PathTracer\PathTracer.csproj", "{2EAA81CC-C6FC-4DB4-B3D3-F5016F3206CE}"
EndProject
Global
	GlobalSection(SolutionConfigurationPlatforms) = preSolution
		Debug|Any CPU = Debug|Any CPU
		Release|Any CPU = Release|Any CPU
	EndGlobalSection
	GlobalSection(ProjectConfigurationPlatforms) = postSolution
		{2EAA81CC-C6FC-4DB4-B3D3-F5016F3206CE}.Debug|Any CPU.ActiveCfg = Debug|Any CPU
		{2EAA81CC-C6FC-4DB4-B3D3-F5016F3206CE}.Debug|Any CPU.Build.0 = Debug|Any CPU
		{2EAA81CC-C6FC-4DB4-B3D3-F5016F3206CE}.Release|Any CPU.ActiveCfg = Release|Any CPU
		{2EAA81CC-C6FC-4DB4-B3D3-F5016F3206CE}.Release|Any CPU.Build.0 = Release|Any CPU
	EndGlobalSection
	GlobalSection(SolutionProperties) = preSolution
		HideSolutionNode = FALSE
	EndGlobalSection
	GlobalSection(ExtensibilityGlobals) = postSolution
		SolutionGuid = {A8A1DCAE-5696-4A9C-9605-34C5A3D43FB0}
	EndGlobalSection
EndGlobal
